
Microsoft Visual Studio Solution File, Format Version 12.00
# Visual Studio Version 17
VisualStudioVersion = 17.0.31919.166
MinimumVisualStudioVersion = 10.0.40219.1
Project("{9A19103F-16F7-4668-BE54-9A1E7A4F7556}") = "SDAOponeo.UnitTests.ImplementationModule", "SDAOponeo.UnitTests.ImplementationModule\SDAOponeo.UnitTests.ImplementationModule.csproj", "{D64A0C25-5CBC-49B0-ACF9-4ACE69FF25AC}"
EndProject
Project("{9A19103F-16F7-4668-BE54-9A1E7A4F7556}") = "SDAOponeo.UnitTests.Tests", "SDAOponeo.UnitTests.Tests\SDAOponeo.UnitTests.Tests.csproj", "{0764C14D-B305-4942-885A-43F61C49F824}"
EndProject
Project("{FAE04EC0-301F-11D3-BF4B-00C04F79EFBC}") = "SDAOponeo.UnitTests.NSubstituteTests", "SDAOponeo.UnitTests.NSubstituteTests\SDAOponeo.UnitTests.NSubstituteTests.csproj", "{80861A34-8BB0-4317-80E2-4C02DECD167C}"
EndProject
Project("{FAE04EC0-301F-11D3-BF4B-00C04F79EFBC}") = "SDAOponeo.UnitTests.NUnit", "SDAOponeo.UnitTests.NUnit\SDAOponeo.UnitTests.NUnit.csproj", "{26F9A83A-F30E-4EAC-BC9D-02EEC740658B}"
EndProject
Global
	GlobalSection(SolutionConfigurationPlatforms) = preSolution
		Debug|Any CPU = Debug|Any CPU
		Release|Any CPU = Release|Any CPU
	EndGlobalSection
	GlobalSection(ProjectConfigurationPlatforms) = postSolution
		{D64A0C25-5CBC-49B0-ACF9-4ACE69FF25AC}.Debug|Any CPU.ActiveCfg = Debug|Any CPU
		{D64A0C25-5CBC-49B0-ACF9-4ACE69FF25AC}.Debug|Any CPU.Build.0 = Debug|Any CPU
		{D64A0C25-5CBC-49B0-ACF9-4ACE69FF25AC}.Release|Any CPU.ActiveCfg = Release|Any CPU
		{D64A0C25-5CBC-49B0-ACF9-4ACE69FF25AC}.Release|Any CPU.Build.0 = Release|Any CPU
		{0764C14D-B305-4942-885A-43F61C49F824}.Debug|Any CPU.ActiveCfg = Debug|Any CPU
		{0764C14D-B305-4942-885A-43F61C49F824}.Debug|Any CPU.Build.0 = Debug|Any CPU
		{0764C14D-B305-4942-885A-43F61C49F824}.Release|Any CPU.ActiveCfg = Release|Any CPU
		{0764C14D-B305-4942-885A-43F61C49F824}.Release|Any CPU.Build.0 = Release|Any CPU
		{80861A34-8BB0-4317-80E2-4C02DECD167C}.Debug|Any CPU.ActiveCfg = Debug|Any CPU
		{80861A34-8BB0-4317-80E2-4C02DECD167C}.Debug|Any CPU.Build.0 = Debug|Any CPU
		{80861A34-8BB0-4317-80E2-4C02DECD167C}.Release|Any CPU.ActiveCfg = Release|Any CPU
		{80861A34-8BB0-4317-80E2-4C02DECD167C}.Release|Any CPU.Build.0 = Release|Any CPU
		{26F9A83A-F30E-4EAC-BC9D-02EEC740658B}.Debug|Any CPU.ActiveCfg = Debug|Any CPU
		{26F9A83A-F30E-4EAC-BC9D-02EEC740658B}.Debug|Any CPU.Build.0 = Debug|Any CPU
		{26F9A83A-F30E-4EAC-BC9D-02EEC740658B}.Release|Any CPU.ActiveCfg = Release|Any CPU
		{26F9A83A-F30E-4EAC-BC9D-02EEC740658B}.Release|Any CPU.Build.0 = Release|Any CPU
	EndGlobalSection
	GlobalSection(SolutionProperties) = preSolution
		HideSolutionNode = FALSE
	EndGlobalSection
	GlobalSection(ExtensibilityGlobals) = postSolution
		SolutionGuid = {655F7E3B-F1F0-486C-A890-84451E7C8FC5}
	EndGlobalSection
EndGlobal
